
Microsoft Visual Studio Solution File, Format Version 12.00
# Visual Studio Version 16
VisualStudioVersion = 16.0.31729.503
MinimumVisualStudioVersion = 10.0.40219.1
Project("{FAE04EC0-301F-11D3-BF4B-00C04F79EFBC}") = "AdoNetHW1OnConsole", "AdoNetHW1OnConsole\AdoNetHW1OnConsole.csproj", "{18100069-424B-48AB-B5D6-ACB1E2349C76}"
EndProject
Global
	GlobalSection(SolutionConfigurationPlatforms) = preSolution
		Debug|Any CPU = Debug|Any CPU
		Release|Any CPU = Release|Any CPU
	EndGlobalSection
	GlobalSection(ProjectConfigurationPlatforms) = postSolution
		{18100069-424B-48AB-B5D6-ACB1E2349C76}.Debug|Any CPU.ActiveCfg = Debug|Any CPU
		{18100069-424B-48AB-B5D6-ACB1E2349C76}.Debug|Any CPU.Build.0 = Debug|Any CPU
		{18100069-424B-48AB-B5D6-ACB1E2349C76}.Release|Any CPU.ActiveCfg = Release|Any CPU
		{18100069-424B-48AB-B5D6-ACB1E2349C76}.Release|Any CPU.Build.0 = Release|Any CPU
	EndGlobalSection
	GlobalSection(SolutionProperties) = preSolution
		HideSolutionNode = FALSE
	EndGlobalSection
	GlobalSection(ExtensibilityGlobals) = postSolution
		SolutionGuid = {F949666C-8796-4155-8E68-869E47BD1464}
	EndGlobalSection
EndGlobal
